
Microsoft Visual Studio Solution File, Format Version 12.00
# Visual Studio Version 17
VisualStudioVersion = 17.14.36221.1 d17.14
MinimumVisualStudioVersion = 10.0.40219.1
Project("{FAE04EC0-301F-11D3-BF4B-00C04F79EFBC}") = "backend", "backend.csproj", "{B4E06F6D-AF69-49C9-A40D-5CF40A341864}"
EndProject
Global
	GlobalSection(SolutionConfigurationPlatforms) = preSolution
		Debug|Any CPU = Debug|Any CPU
		Release|Any CPU = Release|Any CPU
	EndGlobalSection
	GlobalSection(ProjectConfigurationPlatforms) = postSolution
		{B4E06F6D-AF69-49C9-A40D-5CF40A341864}.Debug|Any CPU.ActiveCfg = Debug|Any CPU
		{B4E06F6D-AF69-49C9-A40D-5CF40A341864}.Debug|Any CPU.Build.0 = Debug|Any CPU
		{B4E06F6D-AF69-49C9-A40D-5CF40A341864}.Release|Any CPU.ActiveCfg = Release|Any CPU
		{B4E06F6D-AF69-49C9-A40D-5CF40A341864}.Release|Any CPU.Build.0 = Release|Any CPU
	EndGlobalSection
	GlobalSection(SolutionProperties) = preSolution
		HideSolutionNode = FALSE
	EndGlobalSection
	GlobalSection(ExtensibilityGlobals) = postSolution
		SolutionGuid = {1DCB2465-6873-4ED6-8892-05F49ECD0288}
	EndGlobalSection
EndGlobal
